
Microsoft Visual Studio Solution File, Format Version 12.00
# Visual Studio Version 16
VisualStudioVersion = 16.0.30114.105
MinimumVisualStudioVersion = 10.0.40219.1
Project("{FAE04EC0-301F-11D3-BF4B-00C04F79EFBC}") = "test", "test.csproj", "{EFBF83C7-EB56-4B3A-A3BD-31EE55D8597C}"
EndProject
Global
	GlobalSection(SolutionConfigurationPlatforms) = preSolution
		Debug|Any CPU = Debug|Any CPU
		Debug|x64 = Debug|x64
		Debug|x86 = Debug|x86
		Release|Any CPU = Release|Any CPU
		Release|x64 = Release|x64
		Release|x86 = Release|x86
	EndGlobalSection
	GlobalSection(SolutionProperties) = preSolution
		HideSolutionNode = FALSE
	EndGlobalSection
	GlobalSection(ProjectConfigurationPlatforms) = postSolution
		{EFBF83C7-EB56-4B3A-A3BD-31EE55D8597C}.Debug|Any CPU.ActiveCfg = Debug|Any CPU
		{EFBF83C7-EB56-4B3A-A3BD-31EE55D8597C}.Debug|Any CPU.Build.0 = Debug|Any CPU
		{EFBF83C7-EB56-4B3A-A3BD-31EE55D8597C}.Debug|x64.ActiveCfg = Debug|Any CPU
		{EFBF83C7-EB56-4B3A-A3BD-31EE55D8597C}.Debug|x64.Build.0 = Debug|Any CPU
		{EFBF83C7-EB56-4B3A-A3BD-31EE55D8597C}.Debug|x86.ActiveCfg = Debug|Any CPU
		{EFBF83C7-EB56-4B3A-A3BD-31EE55D8597C}.Debug|x86.Build.0 = Debug|Any CPU
		{EFBF83C7-EB56-4B3A-A3BD-31EE55D8597C}.Release|Any CPU.ActiveCfg = Release|Any CPU
		{EFBF83C7-EB56-4B3A-A3BD-31EE55D8597C}.Release|Any CPU.Build.0 = Release|Any CPU
		{EFBF83C7-EB56-4B3A-A3BD-31EE55D8597C}.Release|x64.ActiveCfg = Release|Any CPU
		{EFBF83C7-EB56-4B3A-A3BD-31EE55D8597C}.Release|x64.Build.0 = Release|Any CPU
		{EFBF83C7-EB56-4B3A-A3BD-31EE55D8597C}.Release|x86.ActiveCfg = Release|Any CPU
		{EFBF83C7-EB56-4B3A-A3BD-31EE55D8597C}.Release|x86.Build.0 = Release|Any CPU
	EndGlobalSection
EndGlobal
